
Microsoft Visual Studio Solution File, Format Version 12.00
# Visual Studio Version 16
VisualStudioVersion = 16.0.30907.101
MinimumVisualStudioVersion = 10.0.40219.1
Project("{FAE04EC0-301F-11D3-BF4B-00C04F79EFBC}") = "DeliverablesApp", "DeliverablesApp\DeliverablesApp.csproj", "{D42E8747-9BB0-401B-B018-7A7E34D9B724}"
EndProject
Project("{FAE04EC0-301F-11D3-BF4B-00C04F79EFBC}") = "MyFirstUnitTestProject", "MyFirstUnitTestProject\MyFirstUnitTestProject.csproj", "{A2F51135-C1BA-4D8C-8F0B-572060C2E49F}"
EndProject
Global
	GlobalSection(SolutionConfigurationPlatforms) = preSolution
		Debug|Any CPU = Debug|Any CPU
		Release|Any CPU = Release|Any CPU
	EndGlobalSection
	GlobalSection(ProjectConfigurationPlatforms) = postSolution
		{D42E8747-9BB0-401B-B018-7A7E34D9B724}.Debug|Any CPU.ActiveCfg = Debug|Any CPU
		{D42E8747-9BB0-401B-B018-7A7E34D9B724}.Debug|Any CPU.Build.0 = Debug|Any CPU
		{D42E8747-9BB0-401B-B018-7A7E34D9B724}.Release|Any CPU.ActiveCfg = Release|Any CPU
		{D42E8747-9BB0-401B-B018-7A7E34D9B724}.Release|Any CPU.Build.0 = Release|Any CPU
		{A2F51135-C1BA-4D8C-8F0B-572060C2E49F}.Debug|Any CPU.ActiveCfg = Debug|Any CPU
		{A2F51135-C1BA-4D8C-8F0B-572060C2E49F}.Debug|Any CPU.Build.0 = Debug|Any CPU
		{A2F51135-C1BA-4D8C-8F0B-572060C2E49F}.Release|Any CPU.ActiveCfg = Release|Any CPU
		{A2F51135-C1BA-4D8C-8F0B-572060C2E49F}.Release|Any CPU.Build.0 = Release|Any CPU
	EndGlobalSection
	GlobalSection(SolutionProperties) = preSolution
		HideSolutionNode = FALSE
	EndGlobalSection
	GlobalSection(ExtensibilityGlobals) = postSolution
		SolutionGuid = {684EDB9B-2E4A-47A8-889D-702F7DA956A1}
	EndGlobalSection
EndGlobal
