
Microsoft Visual Studio Solution File, Format Version 12.00
# Visual Studio Version 16
VisualStudioVersion = 16.0.32106.194
MinimumVisualStudioVersion = 10.0.40219.1
Project("{FAE04EC0-301F-11D3-BF4B-00C04F79EFBC}") = "AnimalDemoInClassWithAbstract", "AnimalDemoInClassWithAbstract\AnimalDemoInClassWithAbstract.csproj", "{647C4327-6DAF-4DEE-8584-E6D0BD5AB227}"
EndProject
Global
	GlobalSection(SolutionConfigurationPlatforms) = preSolution
		Debug|Any CPU = Debug|Any CPU
		Release|Any CPU = Release|Any CPU
	EndGlobalSection
	GlobalSection(ProjectConfigurationPlatforms) = postSolution
		{647C4327-6DAF-4DEE-8584-E6D0BD5AB227}.Debug|Any CPU.ActiveCfg = Debug|Any CPU
		{647C4327-6DAF-4DEE-8584-E6D0BD5AB227}.Debug|Any CPU.Build.0 = Debug|Any CPU
		{647C4327-6DAF-4DEE-8584-E6D0BD5AB227}.Release|Any CPU.ActiveCfg = Release|Any CPU
		{647C4327-6DAF-4DEE-8584-E6D0BD5AB227}.Release|Any CPU.Build.0 = Release|Any CPU
	EndGlobalSection
	GlobalSection(SolutionProperties) = preSolution
		HideSolutionNode = FALSE
	EndGlobalSection
	GlobalSection(ExtensibilityGlobals) = postSolution
		SolutionGuid = {E8FE8647-3739-4ACA-BB40-C5D6ED8014E8}
	EndGlobalSection
EndGlobal
